// !$*UTF8*$!
{
	archiveVersion = 1;
	classes = {
	};
	objectVersion = 50;
	objects = {

/* Begin PBXBuildFile section */
		2D7B11E125ACDA4800890510 /* LocalizedProtocolApp.swift in Sources */ = {isa = PBXBuildFile; fileRef = 2D7B11E025ACDA4800890510 /* LocalizedProtocolApp.swift */; };
		2D7B11E325ACDA4800890510 /* ContentView.swift in Sources */ = {isa = PBXBuildFile; fileRef = 2D7B11E225ACDA4800890510 /* ContentView.swift */; };
		2D7B11E525ACDA4F00890510 /* Assets.xcassets in Resources */ = {isa = PBXBuildFile; fileRef = 2D7B11E425ACDA4F00890510 /* Assets.xcassets */; };
		2D7B11E825ACDA4F00890510 /* Preview Assets.xcassets in Resources */ = {isa = PBXBuildFile; fileRef = 2D7B11E725ACDA4F00890510 /* Preview Assets.xcassets */; };
/* End PBXBuildFile section */

/* Begin PBXFileReference section */
		2D7B11DD25ACDA4800890510 /* LocalizedProtocol.app */ = {isa = PBXFileReference; explicitFileType = wrapper.application; includeInIndex = 0; path = LocalizedProtocol.app; sourceTree = BUILT_PRODUCTS_DIR; };
		2D7B11E025ACDA4800890510 /* LocalizedProtocolApp.swift */ = {isa = PBXFileReference; lastKnownFileType = sourcecode.swift; path = LocalizedProtocolApp.swift; sourceTree = "<group>"; };
		2D7B11E225ACDA4800890510 /* ContentView.swift */ = {isa = PBXFileReference; lastKnownFileType = sourcecode.swift; path = ContentView.swift; sourceTree = "<group>"; };
		2D7B11E425ACDA4F00890510 /* Assets.xcassets */ = {isa = PBXFileReference; lastKnownFileType = folder.assetcatalog; path = Assets.xcassets; sourceTree = "<group>"; };
		2D7B11E725ACDA4F00890510 /* Preview Assets.xcassets */ = {isa = PBXFileReference; lastKnownFileType = folder.assetcatalog; path = "Preview Assets.xcassets"; sourceTree = "<group>"; };
		2D7B11E925ACDA4F00890510 /* Info.plist */ = {isa = PBXFileReference; lastKnownFileType = text.plist.xml; path = Info.plist; sourceTree = "<group>"; };
/* End PBXFileReference section */

/* Begin PBXFrameworksBuildPhase section */
		2D7B11DA25ACDA4800890510 /* Frameworks */ = {
			isa = PBXFrameworksBuildPhase;
			buildActionMask = 2147483647;
			files = (
			);
			runOnlyForDeploymentPostprocessing = 0;
		};
/* End PBXFrameworksBuildPhase section */

/* Begin PBXGroup section */
		2D7B11D425ACDA4800890510 = {
			isa = PBXGroup;
			children = (
				2D7B11DF25ACDA4800890510 /* LocalizedProtocol */,
				2D7B11DE25ACDA4800890510 /* Products */,
			);
			sourceTree = "<group>";
		};
		2D7B11DE25ACDA4800890510 /* Products */ = {
			isa = PBXGroup;
			children = (
				2D7B11DD25ACDA4800890510 /* LocalizedProtocol.app */,
			);
			name = Products;
			sourceTree = "<group>";
		};
		2D7B11DF25ACDA4800890510 /* LocalizedProtocol */ = {
			isa = PBXGroup;
			children = (
				2D7B11E025ACDA4800890510 /* LocalizedProtocolApp.swift */,
				2D7B11E225ACDA4800890510 /* ContentView.swift */,
				2D7B11E425ACDA4F00890510 /* Assets.xcassets */,
				2D7B11E925ACDA4F00890510 /* Info.plist */,
				2D7B11E625ACDA4F00890510 /* Preview Content */,
			);
			path = LocalizedProtocol;
			sourceTree = "<group>";
		};
		2D7B11E625ACDA4F00890510 /* Preview Content */ = {
			isa = PBXGroup;
			children = (
				2D7B11E725ACDA4F00890510 /* Preview Assets.xcassets */,
			);
			path = "Preview Content";
			sourceTree = "<group>";
		};
/* End PBXGroup section */

/* Begin PBXNativeTarget section */
		2D7B11DC25ACDA4800890510 /* LocalizedProtocol */ = {
			isa = PBXNativeTarget;
			buildConfigurationList = 2D7B11EC25ACDA4F00890510 /* Build configuration list for PBXNativeTarget "LocalizedProtocol" */;
			buildPhases = (
				2D7B11D925ACDA4800890510 /* Sources */,
				2D7B11DA25ACDA4800890510 /* Frameworks */,
				2D7B11DB25ACDA4800890510 /* Resources */,
			);
			buildRules = (
			);
			dependencies = (
			);
			name = LocalizedProtocol;
			productName = LocalizedProtocol;
			productReference = 2D7B11DD25ACDA4800890510 /* LocalizedProtocol.app */;
			productType = "com.apple.product-type.application";
		};
/* End PBXNativeTarget section */

/* Begin PBXProject section */
		2D7B11D525ACDA4800890510 /* Project object */ = {
			isa = PBXProject;
			attributes = {
				LastSwiftUpdateCheck = 1230;
				LastUpgradeCheck = 1230;
				TargetAttributes = {
					2D7B11DC25ACDA4800890510 = {
						CreatedOnToolsVersion = 12.3;
					};
				};
			};
			buildConfigurationList = 2D7B11D825ACDA4800890510 /* Build configuration list for PBXProject "LocalizedProtocol" */;
			compatibilityVersion = "Xcode 9.3";
			developmentRegion = en;
			hasScannedForEncodings = 0;
			knownRegions = (
				en,
				Base,
			);
			mainGroup = 2D7B11D425ACDA4800890510;
			productRefGroup = 2D7B11DE25ACDA4800890510 /* Products */;
			projectDirPath = "";
			projectRoot = "";
			targets = (
				2D7B11DC25ACDA4800890510 /* LocalizedProtocol */,
			);
		};
/* End PBXProject section */

/* Begin PBXResourcesBuildPhase section */
		2D7B11DB25ACDA4800890510 /* Resources */ = {
			isa = PBXResourcesBuildPhase;
			buildActionMask = 2147483647;
			files = (
				2D7B11E825ACDA4F00890510 /* Preview Assets.xcassets in Resources */,
				2D7B11E525ACDA4F00890510 /* Assets.xcassets in Resources */,
			);
			runOnlyForDeploymentPostprocessing = 0;
		};
/* End PBXResourcesBuildPhase section */

/* Begin PBXSourcesBuildPhase section */
		2D7B11D925ACDA4800890510 /* Sources */ = {
			isa = PBXSourcesBuildPhase;
			buildActionMask = 2147483647;
			files = (
				2D7B11E325ACDA4800890510 /* ContentView.swift in Sources */,
				2D7B11E125ACDA4800890510 /* LocalizedProtocolApp.swift in Sources */,
			);
			runOnlyForDeploymentPostprocessing = 0;
		};
/* End PBXSourcesBuildPhase section */

/* Begin XCBuildConfiguration section */
		2D7B11EA25ACDA4F00890510 /* Debug */ = {
			isa = XCBuildConfiguration;
			buildSettings = {
				ALWAYS_SEARCH_USER_PATHS = NO;
				CLANG_ANALYZER_NONNULL = YES;
				CLANG_ANALYZER_NUMBER_OBJECT_CONVERSION = YES_AGGRESSIVE;
				CLANG_CXX_LANGUAGE_STANDARD = "gnu++14";
				CLANG_CXX_LIBRARY = "libc++";
				CLANG_ENABLE_MODULES = YES;
				CLANG_ENABLE_OBJC_ARC = YES;
				CLANG_ENABLE_OBJC_WEAK = YES;
				CLANG_WARN_BLOCK_CAPTURE_AUTORELEASING = YES;
				CLANG_WARN_BOOL_CONVERSION = YES;
				CLANG_WARN_COMMA = YES;
				CLANG_WARN_CONSTANT_CONVERSION = YES;
				CLANG_WARN_DEPRECATED_OBJC_IMPLEMENTATIONS = YES;
				CLANG_WARN_DIRECT_OBJC_ISA_USAGE = YES_ERROR;
				CLANG_WARN_DOCUMENTATION_COMMENTS = YES;
				CLANG_WARN_EMPTY_BODY = YES;
				CLANG_WARN_ENUM_CONVERSION = YES;
				CLANG_WARN_INFINITE_RECURSION = YES;
				CLANG_WARN_INT_CONVERSION = YES;
				CLANG_WARN_NON_LITERAL_NULL_CONVERSION = YES;
				CLANG_WARN_OBJC_IMPLICIT_RETAIN_SELF = YES;
				CLANG_WARN_OBJC_LITERAL_CONVERSION = YES;
				CLANG_WARN_OBJC_ROOT_CLASS = YES_ERROR;
				CLANG_WARN_QUOTED_INCLUDE_IN_FRAMEWORK_HEADER = YES;
				CLANG_WARN_RANGE_LOOP_ANALYSIS = YES;
				CLANG_WARN_STRICT_PROTOTYPES = YES;
				CLANG_WARN_SUSPICIOUS_MOVE = YES;
				CLANG_WARN_UNGUARDED_AVAILABILITY = YES_AGGRESSIVE;
				CLANG_WARN_UNREACHABLE_CODE = YES;
				CLANG_WARN__DUPLICATE_METHOD_MATCH = YES;
				COPY_PHASE_STRIP = NO;
				DEBUG_INFORMATION_FORMAT = dwarf;
				ENABLE_STRICT_OBJC_MSGSEND = YES;
				ENABLE_TESTABILITY = YES;
				GCC_C_LANGUAGE_STANDARD = gnu11;
				GCC_DYNAMIC_NO_PIC = NO;
				GCC_NO_COMMON_BLOCKS = YES;
				GCC_OPTIMIZATION_LEVEL = 0;
				GCC_PREPROCESSOR_DEFINITIONS = (
					"DEBUG=1",
					"$(inherited)",
				);
				GCC_WARN_64_TO_32_BIT_CONVERSION = YES;
				GCC_WARN_ABOUT_RETURN_TYPE = YES_ERROR;
				GCC_WARN_UNDECLARED_SELECTOR = YES;
				GCC_WARN_UNINITIALIZED_AUTOS = YES_AGGRESSIVE;
				GCC_WARN_UNUSED_FUNCTION = YES;
				GCC_WARN_UNUSED_VARIABLE = YES;
				IPHONEOS_DEPLOYMENT_TARGET = 14.3;
				MTL_ENABLE_DEBUG_INFO = INCLUDE_SOURCE;
				MTL_FAST_MATH = YES;
				ONLY_ACTIVE_ARCH = YES;
				SDKROOT = iphoneos;
				SWIFT_ACTIVE_COMPILATION_CONDITIONS = DEBUG;
				SWIFT_OPTIMIZATION_LEVEL = "-Onone";
			};
			name = Debug;
		};
		2D7B11EB25ACDA4F00890510 /* Release */ = {
			isa = XCBuildConfiguration;
			buildSettings = {
				ALWAYS_SEARCH_USER_PATHS = NO;
				CLANG_ANALYZER_NONNULL = YES;
				CLANG_ANALYZER_NUMBER_OBJECT_CONVERSION = YES_AGGRESSIVE;
				CLANG_CXX_LANGUAGE_STANDARD = "gnu++14";
				CLANG_CXX_LIBRARY = "libc++";
				CLANG_ENABLE_MODULES = YES;
				CLANG_ENABLE_OBJC_ARC = YES;
				CLANG_ENABLE_OBJC_WEAK = YES;
				CLANG_WARN_BLOCK_CAPTURE_AUTORELEASING = YES;
				CLANG_WARN_BOOL_CONVERSION = YES;
				CLANG_WARN_COMMA = YES;
				CLANG_WARN_CONSTANT_CONVERSION = YES;
				CLANG_WARN_DEPRECATED_OBJC_IMPLEMENTATIONS = YES;
				CLANG_WARN_DIRECT_OBJC_ISA_USAGE = YES_ERROR;
				CLANG_WARN_DOCUMENTATION_COMMENTS = YES;
				CLANG_WARN_EMPTY_BODY = YES;
				CLANG_WARN_ENUM_CONVERSION = YES;
				CLANG_WARN_INFINITE_RECURSION = YES;
				CLANG_WARN_INT_CONVERSION = YES;
				CLANG_WARN_NON_LITERAL_NULL_CONVERSION = YES;
				CLANG_WARN_OBJC_IMPLICIT_RETAIN_SELF = YES;
				CLANG_WARN_OBJC_LITERAL_CONVERSION = YES;
				CLANG_WARN_OBJC_ROOT_CLASS = YES_ERROR;
				CLANG_WARN_QUOTED_INCLUDE_IN_FRAMEWORK_HEADER = YES;
				CLANG_WARN_RANGE_LOOP_ANALYSIS = YES;
				CLANG_WARN_STRICT_PROTOTYPES = YES;
				CLANG_WARN_SUSPICIOUS_MOVE = YES;
				CLANG_WARN_UNGUARDED_AVAILABILITY = YES_AGGRESSIVE;
				CLANG_WARN_UNREACHABLE_CODE = YES;
				CLANG_WARN__DUPLICATE_METHOD_MATCH = YES;
				COPY_PHASE_STRIP = NO;
				DEBUG_INFORMATION_FORMAT = "dwarf-with-dsym";
				ENABLE_NS_ASSERTIONS = NO;
				ENABLE_STRICT_OBJC_MSGSEND = YES;
				GCC_C_LANGUAGE_STANDARD = gnu11;
				GCC_NO_COMMON_BLOCKS = YES;
				GCC_WARN_64_TO_32_BIT_CONVERSION = YES;
				GCC_WARN_ABOUT_RETURN_TYPE = YES_ERROR;
				GCC_WARN_UNDECLARED_SELECTOR = YES;
				GCC_WARN_UNINITIALIZED_AUTOS = YES_AGGRESSIVE;
				GCC_WARN_UNUSED_FUNCTION = YES;
				GCC_WARN_UNUSED_VARIABLE = YES;
				IPHONEOS_DEPLOYMENT_TARGET = 14.3;
				MTL_ENABLE_DEBUG_INFO = NO;
				MTL_FAST_MATH = YES;
				SDKROOT = iphoneos;
				SWIFT_COMPILATION_MODE = wholemodule;
				SWIFT_OPTIMIZATION_LEVEL = "-O";
				VALIDATE_PRODUCT = YES;
			};
			name = Release;
		};
		2D7B11ED25ACDA4F00890510 /* Debug */ = {
			isa = XCBuildConfiguration;
			buildSettings = {
				ASSETCATALOG_COMPILER_APPICON_NAME = AppIcon;
				ASSETCATALOG_COMPILER_GLOBAL_ACCENT_COLOR_NAME = AccentColor;
				CODE_SIGN_STYLE = Automatic;
				DEVELOPMENT_ASSET_PATHS = "\"LocalizedProtocol/Preview Content\"";
				DEVELOPMENT_TEAM = 7QNLA2YVU8;
				ENABLE_PREVIEWS = YES;
				INFOPLIST_FILE = LocalizedProtocol/Info.plist;
				IPHONEOS_DEPLOYMENT_TARGET = 14.0;
				LD_RUNPATH_SEARCH_PATHS = (
					"$(inherited)",
					"@executable_path/Frameworks",
				);
				PRODUCT_BUNDLE_IDENTIFIER = com.nadalapps.LocalizedProtocol;
				PRODUCT_NAME = "$(TARGET_NAME)";
				SWIFT_VERSION = 5.0;
				TARGETED_DEVICE_FAMILY = "1,2";
			};
			name = Debug;
		};
		2D7B11EE25ACDA4F00890510 /* Release */ = {
			isa = XCBuildConfiguration;
			buildSettings = {
				ASSETCATALOG_COMPILER_APPICON_NAME = AppIcon;
				ASSETCATALOG_COMPILER_GLOBAL_ACCENT_COLOR_NAME = AccentColor;
				CODE_SIGN_STYLE = Automatic;
				DEVELOPMENT_ASSET_PATHS = "\"LocalizedProtocol/Preview Content\"";
				DEVELOPMENT_TEAM = 7QNLA2YVU8;
				ENABLE_PREVIEWS = YES;
				INFOPLIST_FILE = LocalizedProtocol/Info.plist;
				IPHONEOS_DEPLOYMENT_TARGET = 14.0;
				LD_RUNPATH_SEARCH_PATHS = (
					"$(inherited)",
					"@executable_path/Frameworks",
				);
				PRODUCT_BUNDLE_IDENTIFIER = com.nadalapps.LocalizedProtocol;
				PRODUCT_NAME = "$(TARGET_NAME)";
				SWIFT_VERSION = 5.0;
				TARGETED_DEVICE_FAMILY = "1,2";
			};
			name = Release;
		};
/* End XCBuildConfiguration section */

/* Begin XCConfigurationList section */
		2D7B11D825ACDA4800890510 /* Build configuration list for PBXProject "LocalizedProtocol" */ = {
			isa = XCConfigurationList;
			buildConfigurations = (
				2D7B11EA25ACDA4F00890510 /* Debug */,
				2D7B11EB25ACDA4F00890510 /* Release */,
			);
			defaultConfigurationIsVisible = 0;
			defaultConfigurationName = Release;
		};
		2D7B11EC25ACDA4F00890510 /* Build configuration list for PBXNativeTarget "LocalizedProtocol" */ = {
			isa = XCConfigurationList;
			buildConfigurations = (
				2D7B11ED25ACDA4F00890510 /* Debug */,
				2D7B11EE25ACDA4F00890510 /* Release */,
			);
			defaultConfigurationIsVisible = 0;
			defaultConfigurationName = Release;
		};
/* End XCConfigurationList section */
	};
	rootObject = 2D7B11D525ACDA4800890510 /* Project object */;
}
